
Microsoft Visual Studio Solution File, Format Version 12.00
# Visual Studio Version 17
VisualStudioVersion = 17.5.002.0
MinimumVisualStudioVersion = 10.0.40219.1
Project("{9A19103F-16F7-4668-BE54-9A1E7A4F7556}") = "rutasComerciales", "rutasComerciales.csproj", "{32D655E2-FDCA-4742-AB13-D76B0BC6C42B}"
EndProject
Global
	GlobalSection(SolutionConfigurationPlatforms) = preSolution
		Debug|Any CPU = Debug|Any CPU
		Release|Any CPU = Release|Any CPU
	EndGlobalSection
	GlobalSection(ProjectConfigurationPlatforms) = postSolution
		{32D655E2-FDCA-4742-AB13-D76B0BC6C42B}.Debug|Any CPU.ActiveCfg = Debug|Any CPU
		{32D655E2-FDCA-4742-AB13-D76B0BC6C42B}.Debug|Any CPU.Build.0 = Debug|Any CPU
		{32D655E2-FDCA-4742-AB13-D76B0BC6C42B}.Release|Any CPU.ActiveCfg = Release|Any CPU
		{32D655E2-FDCA-4742-AB13-D76B0BC6C42B}.Release|Any CPU.Build.0 = Release|Any CPU
	EndGlobalSection
	GlobalSection(SolutionProperties) = preSolution
		HideSolutionNode = FALSE
	EndGlobalSection
	GlobalSection(ExtensibilityGlobals) = postSolution
		SolutionGuid = {1D74482F-32F5-43C0-A65E-25210C6985DE}
	EndGlobalSection
EndGlobal
